
Microsoft Visual Studio Solution File, Format Version 12.00
# Visual Studio Version 16
VisualStudioVersion = 25.0.1706.1
MinimumVisualStudioVersion = 10.0.40219.1
Project("{FAE04EC0-301F-11D3-BF4B-00C04F79EFBC}") = "pre-k-counting", "pre-k-counting\pre-k-counting.csproj", "{95304879-D463-4681-8413-A277E838EFBC}"
EndProject
Global
	GlobalSection(SolutionConfigurationPlatforms) = preSolution
		Debug|Any CPU = Debug|Any CPU
		Release|Any CPU = Release|Any CPU
	EndGlobalSection
	GlobalSection(ProjectConfigurationPlatforms) = postSolution
		{95304879-D463-4681-8413-A277E838EFBC}.Debug|Any CPU.ActiveCfg = Debug|Any CPU
		{95304879-D463-4681-8413-A277E838EFBC}.Debug|Any CPU.Build.0 = Debug|Any CPU
		{95304879-D463-4681-8413-A277E838EFBC}.Release|Any CPU.ActiveCfg = Release|Any CPU
		{95304879-D463-4681-8413-A277E838EFBC}.Release|Any CPU.Build.0 = Release|Any CPU
	EndGlobalSection
	GlobalSection(SolutionProperties) = preSolution
		HideSolutionNode = FALSE
	EndGlobalSection
	GlobalSection(ExtensibilityGlobals) = postSolution
		SolutionGuid = {6EF42C47-57D3-4AC6-9147-66BF59DF8C5D}
	EndGlobalSection
EndGlobal
